
Microsoft Visual Studio Solution File, Format Version 12.00
# Visual Studio Version 17
VisualStudioVersion = 17.11.35303.130
MinimumVisualStudioVersion = 10.0.40219.1
Project("{FAE04EC0-301F-11D3-BF4B-00C04F79EFBC}") = "Questão 1 Prova 2", "Questão 1 Prova 2\Questão 1 Prova 2.csproj", "{4C0D31C5-6454-4F19-BD9B-9931B70B54E1}"
EndProject
Global
	GlobalSection(SolutionConfigurationPlatforms) = preSolution
		Debug|Any CPU = Debug|Any CPU
		Release|Any CPU = Release|Any CPU
	EndGlobalSection
	GlobalSection(ProjectConfigurationPlatforms) = postSolution
		{4C0D31C5-6454-4F19-BD9B-9931B70B54E1}.Debug|Any CPU.ActiveCfg = Debug|Any CPU
		{4C0D31C5-6454-4F19-BD9B-9931B70B54E1}.Debug|Any CPU.Build.0 = Debug|Any CPU
		{4C0D31C5-6454-4F19-BD9B-9931B70B54E1}.Release|Any CPU.ActiveCfg = Release|Any CPU
		{4C0D31C5-6454-4F19-BD9B-9931B70B54E1}.Release|Any CPU.Build.0 = Release|Any CPU
	EndGlobalSection
	GlobalSection(SolutionProperties) = preSolution
		HideSolutionNode = FALSE
	EndGlobalSection
	GlobalSection(ExtensibilityGlobals) = postSolution
		SolutionGuid = {BB63F299-BE6F-48D2-9A11-A9C02267A25E}
	EndGlobalSection
EndGlobal
